// !$*UTF8*$!
{
	archiveVersion = 1;
	classes = {
	};
	objectVersion = 46;
	objects = {

/* Begin PBXBuildFile section */
		D80DAB94192F96D600B2B57C /* ContentTranslator.m in Sources */ = {isa = PBXBuildFile; fileRef = D80DAB93192F96D600B2B57C /* ContentTranslator.m */; };
		D80DAB97192F9D2700B2B57C /* RepliesViewController.m in Sources */ = {isa = PBXBuildFile; fileRef = D80DAB96192F9D2700B2B57C /* RepliesViewController.m */; };
		D80DAB9B192FB17A00B2B57C /* reply.html in Resources */ = {isa = PBXBuildFile; fileRef = D80DAB9A192FB17A00B2B57C /* reply.html */; };
		D80DAC691931FAF900B2B57C /* TimeOpreator.m in Sources */ = {isa = PBXBuildFile; fileRef = D80DAC681931FAF900B2B57C /* TimeOpreator.m */; };
		D80DAC6B1932054F00B2B57C /* topic.html in Resources */ = {isa = PBXBuildFile; fileRef = D80DAC6A1932054F00B2B57C /* topic.html */; };
		D822FFA3195C2E5800C89CCF /* ALi0068.gif in Resources */ = {isa = PBXBuildFile; fileRef = D822FFA1195C2E5800C89CCF /* ALi0068.gif */; };
		D822FFA4195C2E5800C89CCF /* ALi0122.gif in Resources */ = {isa = PBXBuildFile; fileRef = D822FFA2195C2E5800C89CCF /* ALi0122.gif */; };
		D82B23CD1955E78400D2F2F0 /* NodeChosenViewController.m in Sources */ = {isa = PBXBuildFile; fileRef = D82B23CC1955E78400D2F2F0 /* NodeChosenViewController.m */; };
		D82B23D01955F3CF00D2F2F0 /* PostManager.m in Sources */ = {isa = PBXBuildFile; fileRef = D82B23CF1955F3CF00D2F2F0 /* PostManager.m */; };
		D833CE5A194EBB050087C852 /* Node.m in Sources */ = {isa = PBXBuildFile; fileRef = D833CE59194EBB050087C852 /* Node.m */; };
		D865BE22195BA18500E39B38 /* Emoticons.plist in Resources */ = {isa = PBXBuildFile; fileRef = D865BE21195BA18500E39B38 /* Emoticons.plist */; };
		D865BE2C195BA35B00E39B38 /* ALi0003.gif in Resources */ = {isa = PBXBuildFile; fileRef = D865BE24195BA35B00E39B38 /* ALi0003.gif */; };
		D865BE2D195BA35B00E39B38 /* ALi0011.gif in Resources */ = {isa = PBXBuildFile; fileRef = D865BE25195BA35B00E39B38 /* ALi0011.gif */; };
		D865BE2E195BA35B00E39B38 /* ALi0012.gif in Resources */ = {isa = PBXBuildFile; fileRef = D865BE26195BA35B00E39B38 /* ALi0012.gif */; };
		D865BE2F195BA35B00E39B38 /* ALi0019.gif in Resources */ = {isa = PBXBuildFile; fileRef = D865BE27195BA35B00E39B38 /* ALi0019.gif */; };
		D865BE30195BA35B00E39B38 /* ALi0021.gif in Resources */ = {isa = PBXBuildFile; fileRef = D865BE28195BA35B00E39B38 /* ALi0021.gif */; };
		D865BE31195BA35B00E39B38 /* ALi0024.gif in Resources */ = {isa = PBXBuildFile; fileRef = D865BE29195BA35B00E39B38 /* ALi0024.gif */; };
		D865BE32195BA35B00E39B38 /* ALi0028.gif in Resources */ = {isa = PBXBuildFile; fileRef = D865BE2A195BA35B00E39B38 /* ALi0028.gif */; };
		D865BE33195BA35B00E39B38 /* ALi0030.gif in Resources */ = {isa = PBXBuildFile; fileRef = D865BE2B195BA35B00E39B38 /* ALi0030.gif */; };
		D865BE36195BA3AF00E39B38 /* EmoticonManager.m in Sources */ = {isa = PBXBuildFile; fileRef = D865BE35195BA3AF00E39B38 /* EmoticonManager.m */; };
		D865BE39195BA49600E39B38 /* Emoticon.m in Sources */ = {isa = PBXBuildFile; fileRef = D865BE38195BA49600E39B38 /* Emoticon.m */; };
		D865BE3C195BAA6A00E39B38 /* EmoticonViewController.m in Sources */ = {isa = PBXBuildFile; fileRef = D865BE3B195BAA6A00E39B38 /* EmoticonViewController.m */; };
		D865BE3F195BAC9500E39B38 /* EmoticonCell.m in Sources */ = {isa = PBXBuildFile; fileRef = D865BE3E195BAC9500E39B38 /* EmoticonCell.m */; };
		D86CA66D19341E1D00E6D79E /* TriangleView.m in Sources */ = {isa = PBXBuildFile; fileRef = D86CA66C19341E1D00E6D79E /* TriangleView.m */; };
		D86E9655195472430044C28F /* PostView.storyboard in Resources */ = {isa = PBXBuildFile; fileRef = D86E9654195472430044C28F /* PostView.storyboard */; };
		D86E9658195474830044C28F /* PostViewController.m in Sources */ = {isa = PBXBuildFile; fileRef = D86E9657195474830044C28F /* PostViewController.m */; };
		D8A47C0D1923B4FB00448690 /* Foundation.framework in Frameworks */ = {isa = PBXBuildFile; fileRef = D8A47C0C1923B4FB00448690 /* Foundation.framework */; };
		D8A47C0F1923B4FB00448690 /* CoreGraphics.framework in Frameworks */ = {isa = PBXBuildFile; fileRef = D8A47C0E1923B4FB00448690 /* CoreGraphics.framework */; };
		D8A47C111923B4FB00448690 /* UIKit.framework in Frameworks */ = {isa = PBXBuildFile; fileRef = D8A47C101923B4FB00448690 /* UIKit.framework */; };
		D8A47C171923B4FB00448690 /* InfoPlist.strings in Resources */ = {isa = PBXBuildFile; fileRef = D8A47C151923B4FB00448690 /* InfoPlist.strings */; };
		D8A47C191923B4FB00448690 /* main.m in Sources */ = {isa = PBXBuildFile; fileRef = D8A47C181923B4FB00448690 /* main.m */; };
		D8A47C1D1923B4FB00448690 /* AppDelegate.m in Sources */ = {isa = PBXBuildFile; fileRef = D8A47C1C1923B4FB00448690 /* AppDelegate.m */; };
		D8A47C201923B4FB00448690 /* Main.storyboard in Resources */ = {isa = PBXBuildFile; fileRef = D8A47C1E1923B4FB00448690 /* Main.storyboard */; };
		D8A47C251923B4FB00448690 /* Images.xcassets in Resources */ = {isa = PBXBuildFile; fileRef = D8A47C241923B4FB00448690 /* Images.xcassets */; };
		D8A47C2C1923B4FB00448690 /* XCTest.framework in Frameworks */ = {isa = PBXBuildFile; fileRef = D8A47C2B1923B4FB00448690 /* XCTest.framework */; };
		D8A47C2D1923B4FB00448690 /* Foundation.framework in Frameworks */ = {isa = PBXBuildFile; fileRef = D8A47C0C1923B4FB00448690 /* Foundation.framework */; };
		D8A47C2E1923B4FB00448690 /* UIKit.framework in Frameworks */ = {isa = PBXBuildFile; fileRef = D8A47C101923B4FB00448690 /* UIKit.framework */; };
		D8A47C361923B4FB00448690 /* InfoPlist.strings in Resources */ = {isa = PBXBuildFile; fileRef = D8A47C341923B4FB00448690 /* InfoPlist.strings */; };
		D8A47C381923B4FB00448690 /* GatherTests.m in Sources */ = {isa = PBXBuildFile; fileRef = D8A47C371923B4FB00448690 /* GatherTests.m */; };
		D8A47C461923B61600448690 /* GatherAPI.m in Sources */ = {isa = PBXBuildFile; fileRef = D8A47C451923B61600448690 /* GatherAPI.m */; };
		D8A47C491923BA4C00448690 /* Topic.m in Sources */ = {isa = PBXBuildFile; fileRef = D8A47C481923BA4C00448690 /* Topic.m */; };
		D8A47C501923BE4600448690 /* Reply.m in Sources */ = {isa = PBXBuildFile; fileRef = D8A47C4F1923BE4600448690 /* Reply.m */; };
		D8A47C531923C73900448690 /* TopicCell.m in Sources */ = {isa = PBXBuildFile; fileRef = D8A47C521923C73900448690 /* TopicCell.m */; };
		D8A47C561923C92900448690 /* TopicViewController.m in Sources */ = {isa = PBXBuildFile; fileRef = D8A47C551923C92900448690 /* TopicViewController.m */; };
		D8A47C59192444AE00448690 /* User.m in Sources */ = {isa = PBXBuildFile; fileRef = D8A47C58192444AE00448690 /* User.m */; };
		D8A9DA9E194C776600256973 /* FadeInImageView.m in Sources */ = {isa = PBXBuildFile; fileRef = D8A9DA9D194C776600256973 /* FadeInImageView.m */; };
		D8B2289A193B012A00755032 /* WebBrowserController.m in Sources */ = {isa = PBXBuildFile; fileRef = D8B22899193B012A00755032 /* WebBrowserController.m */; };
		D8B228A4193B591E00755032 /* MAWebView.m in Sources */ = {isa = PBXBuildFile; fileRef = D8B228A3193B591E00755032 /* MAWebView.m */; };
		D8B228A8193B691100755032 /* Start.storyboard in Resources */ = {isa = PBXBuildFile; fileRef = D8B228A7193B691100755032 /* Start.storyboard */; };
		D8DB7C331925174600096CBA /* style.css in Resources */ = {isa = PBXBuildFile; fileRef = D8DB7C321925174600096CBA /* style.css */; };
		D8DB7C35192518A800096CBA /* content.html in Resources */ = {isa = PBXBuildFile; fileRef = D8DB7C34192518A800096CBA /* content.html */; };
		D8F7B66D193C400300A9B9BA /* BackgroundImage.m in Sources */ = {isa = PBXBuildFile; fileRef = D8F7B66C193C400300A9B9BA /* BackgroundImage.m */; };
		D8F7B670193C446C00A9B9BA /* StartViewController.m in Sources */ = {isa = PBXBuildFile; fileRef = D8F7B66F193C446C00A9B9BA /* StartViewController.m */; };
		E4EB49B9B0E341B1B4E4F8FD /* libPods.a in Frameworks */ = {isa = PBXBuildFile; fileRef = 993D7F85A6C942C384DD6F39 /* libPods.a */; };
/* End PBXBuildFile section */

/* Begin PBXContainerItemProxy section */
		D8A47C2F1923B4FB00448690 /* PBXContainerItemProxy */ = {
			isa = PBXContainerItemProxy;
			containerPortal = D8A47C011923B4FB00448690 /* Project object */;
			proxyType = 1;
			remoteGlobalIDString = D8A47C081923B4FB00448690;
			remoteInfo = Gather;
		};
/* End PBXContainerItemProxy section */

/* Begin PBXFileReference section */
		2AC2FEE7D32043CF8C00433E /* Pods.xcconfig */ = {isa = PBXFileReference; includeInIndex = 1; lastKnownFileType = text.xcconfig; name = Pods.xcconfig; path = Pods/Pods.xcconfig; sourceTree = "<group>"; };
		993D7F85A6C942C384DD6F39 /* libPods.a */ = {isa = PBXFileReference; explicitFileType = archive.ar; includeInIndex = 0; path = libPods.a; sourceTree = BUILT_PRODUCTS_DIR; };
		D80DAB92192F96D600B2B57C /* ContentTranslator.h */ = {isa = PBXFileReference; fileEncoding = 4; lastKnownFileType = sourcecode.c.h; path = ContentTranslator.h; sourceTree = "<group>"; };
		D80DAB93192F96D600B2B57C /* ContentTranslator.m */ = {isa = PBXFileReference; fileEncoding = 4; lastKnownFileType = sourcecode.c.objc; path = ContentTranslator.m; sourceTree = "<group>"; };
		D80DAB95192F9D2700B2B57C /* RepliesViewController.h */ = {isa = PBXFileReference; fileEncoding = 4; lastKnownFileType = sourcecode.c.h; path = RepliesViewController.h; sourceTree = "<group>"; };
		D80DAB96192F9D2700B2B57C /* RepliesViewController.m */ = {isa = PBXFileReference; fileEncoding = 4; lastKnownFileType = sourcecode.c.objc; path = RepliesViewController.m; sourceTree = "<group>"; };
		D80DAB9A192FB17A00B2B57C /* reply.html */ = {isa = PBXFileReference; fileEncoding = 4; lastKnownFileType = text.html; path = reply.html; sourceTree = "<group>"; };
		D80DAC671931FAF900B2B57C /* TimeOpreator.h */ = {isa = PBXFileReference; fileEncoding = 4; lastKnownFileType = sourcecode.c.h; path = TimeOpreator.h; sourceTree = "<group>"; };
		D80DAC681931FAF900B2B57C /* TimeOpreator.m */ = {isa = PBXFileReference; fileEncoding = 4; lastKnownFileType = sourcecode.c.objc; path = TimeOpreator.m; sourceTree = "<group>"; };
		D80DAC6A1932054F00B2B57C /* topic.html */ = {isa = PBXFileReference; fileEncoding = 4; lastKnownFileType = text.html; path = topic.html; sourceTree = "<group>"; };
		D822FFA1195C2E5800C89CCF /* ALi0068.gif */ = {isa = PBXFileReference; lastKnownFileType = image.gif; path = ALi0068.gif; sourceTree = "<group>"; };
		D822FFA2195C2E5800C89CCF /* ALi0122.gif */ = {isa = PBXFileReference; lastKnownFileType = image.gif; path = ALi0122.gif; sourceTree = "<group>"; };
		D82B23CB1955E78400D2F2F0 /* NodeChosenViewController.h */ = {isa = PBXFileReference; fileEncoding = 4; lastKnownFileType = sourcecode.c.h; path = NodeChosenViewController.h; sourceTree = "<group>"; };
		D82B23CC1955E78400D2F2F0 /* NodeChosenViewController.m */ = {isa = PBXFileReference; fileEncoding = 4; lastKnownFileType = sourcecode.c.objc; path = NodeChosenViewController.m; sourceTree = "<group>"; };
		D82B23CE1955F3CF00D2F2F0 /* PostManager.h */ = {isa = PBXFileReference; fileEncoding = 4; lastKnownFileType = sourcecode.c.h; path = PostManager.h; sourceTree = "<group>"; };
		D82B23CF1955F3CF00D2F2F0 /* PostManager.m */ = {isa = PBXFileReference; fileEncoding = 4; lastKnownFileType = sourcecode.c.objc; path = PostManager.m; sourceTree = "<group>"; };
		D833CE58194EBB050087C852 /* Node.h */ = {isa = PBXFileReference; fileEncoding = 4; lastKnownFileType = sourcecode.c.h; path = Node.h; sourceTree = "<group>"; };
		D833CE59194EBB050087C852 /* Node.m */ = {isa = PBXFileReference; fileEncoding = 4; lastKnownFileType = sourcecode.c.objc; path = Node.m; sourceTree = "<group>"; };
		D865BE21195BA18500E39B38 /* Emoticons.plist */ = {isa = PBXFileReference; fileEncoding = 4; lastKnownFileType = text.plist.xml; name = Emoticons.plist; path = Gather/Emoticons.plist; sourceTree = SOURCE_ROOT; };
		D865BE24195BA35B00E39B38 /* ALi0003.gif */ = {isa = PBXFileReference; lastKnownFileType = image.gif; path = ALi0003.gif; sourceTree = "<group>"; };
		D865BE25195BA35B00E39B38 /* ALi0011.gif */ = {isa = PBXFileReference; lastKnownFileType = image.gif; path = ALi0011.gif; sourceTree = "<group>"; };
		D865BE26195BA35B00E39B38 /* ALi0012.gif */ = {isa = PBXFileReference; lastKnownFileType = image.gif; path = ALi0012.gif; sourceTree = "<group>"; };
		D865BE27195BA35B00E39B38 /* ALi0019.gif */ = {isa = PBXFileReference; lastKnownFileType = image.gif; path = ALi0019.gif; sourceTree = "<group>"; };
		D865BE28195BA35B00E39B38 /* ALi0021.gif */ = {isa = PBXFileReference; lastKnownFileType = image.gif; path = ALi0021.gif; sourceTree = "<group>"; };
		D865BE29195BA35B00E39B38 /* ALi0024.gif */ = {isa = PBXFileReference; lastKnownFileType = image.gif; path = ALi0024.gif; sourceTree = "<group>"; };
		D865BE2A195BA35B00E39B38 /* ALi0028.gif */ = {isa = PBXFileReference; lastKnownFileType = image.gif; path = ALi0028.gif; sourceTree = "<group>"; };
		D865BE2B195BA35B00E39B38 /* ALi0030.gif */ = {isa = PBXFileReference; lastKnownFileType = image.gif; path = ALi0030.gif; sourceTree = "<group>"; };
		D865BE34195BA3AF00E39B38 /* EmoticonManager.h */ = {isa = PBXFileReference; fileEncoding = 4; lastKnownFileType = sourcecode.c.h; path = EmoticonManager.h; sourceTree = "<group>"; };
		D865BE35195BA3AF00E39B38 /* EmoticonManager.m */ = {isa = PBXFileReference; fileEncoding = 4; lastKnownFileType = sourcecode.c.objc; path = EmoticonManager.m; sourceTree = "<group>"; };
		D865BE37195BA49600E39B38 /* Emoticon.h */ = {isa = PBXFileReference; fileEncoding = 4; lastKnownFileType = sourcecode.c.h; path = Emoticon.h; sourceTree = "<group>"; };
		D865BE38195BA49600E39B38 /* Emoticon.m */ = {isa = PBXFileReference; fileEncoding = 4; lastKnownFileType = sourcecode.c.objc; path = Emoticon.m; sourceTree = "<group>"; };
		D865BE3A195BAA6A00E39B38 /* EmoticonViewController.h */ = {isa = PBXFileReference; fileEncoding = 4; lastKnownFileType = sourcecode.c.h; path = EmoticonViewController.h; sourceTree = "<group>"; };
		D865BE3B195BAA6A00E39B38 /* EmoticonViewController.m */ = {isa = PBXFileReference; fileEncoding = 4; lastKnownFileType = sourcecode.c.objc; path = EmoticonViewController.m; sourceTree = "<group>"; };
		D865BE3D195BAC9500E39B38 /* EmoticonCell.h */ = {isa = PBXFileReference; fileEncoding = 4; lastKnownFileType = sourcecode.c.h; path = EmoticonCell.h; sourceTree = "<group>"; };
		D865BE3E195BAC9500E39B38 /* EmoticonCell.m */ = {isa = PBXFileReference; fileEncoding = 4; lastKnownFileType = sourcecode.c.objc; path = EmoticonCell.m; sourceTree = "<group>"; };
		D86CA66B19341E1D00E6D79E /* TriangleView.h */ = {isa = PBXFileReference; fileEncoding = 4; lastKnownFileType = sourcecode.c.h; path = TriangleView.h; sourceTree = "<group>"; };
		D86CA66C19341E1D00E6D79E /* TriangleView.m */ = {isa = PBXFileReference; fileEncoding = 4; lastKnownFileType = sourcecode.c.objc; path = TriangleView.m; sourceTree = "<group>"; };
		D86E9654195472430044C28F /* PostView.storyboard */ = {isa = PBXFileReference; fileEncoding = 4; lastKnownFileType = file.storyboard; path = PostView.storyboard; sourceTree = "<group>"; };
		D86E9656195474830044C28F /* PostViewController.h */ = {isa = PBXFileReference; fileEncoding = 4; lastKnownFileType = sourcecode.c.h; path = PostViewController.h; sourceTree = "<group>"; };
		D86E9657195474830044C28F /* PostViewController.m */ = {isa = PBXFileReference; fileEncoding = 4; lastKnownFileType = sourcecode.c.objc; path = PostViewController.m; sourceTree = "<group>"; };
		D8A47C091923B4FB00448690 /* Gather.app */ = {isa = PBXFileReference; explicitFileType = wrapper.application; includeInIndex = 0; path = Gather.app; sourceTree = BUILT_PRODUCTS_DIR; };
		D8A47C0C1923B4FB00448690 /* Foundation.framework */ = {isa = PBXFileReference; lastKnownFileType = wrapper.framework; name = Foundation.framework; path = System/Library/Frameworks/Foundation.framework; sourceTree = SDKROOT; };
		D8A47C0E1923B4FB00448690 /* CoreGraphics.framework */ = {isa = PBXFileReference; lastKnownFileType = wrapper.framework; name = CoreGraphics.framework; path = System/Library/Frameworks/CoreGraphics.framework; sourceTree = SDKROOT; };
		D8A47C101923B4FB00448690 /* UIKit.framework */ = {isa = PBXFileReference; lastKnownFileType = wrapper.framework; name = UIKit.framework; path = System/Library/Frameworks/UIKit.framework; sourceTree = SDKROOT; };
		D8A47C141923B4FB00448690 /* Gather-Info.plist */ = {isa = PBXFileReference; lastKnownFileType = text.plist.xml; path = "Gather-Info.plist"; sourceTree = "<group>"; };
		D8A47C161923B4FB00448690 /* en */ = {isa = PBXFileReference; lastKnownFileType = text.plist.strings; name = en; path = en.lproj/InfoPlist.strings; sourceTree = "<group>"; };
		D8A47C181923B4FB00448690 /* main.m */ = {isa = PBXFileReference; lastKnownFileType = sourcecode.c.objc; path = main.m; sourceTree = "<group>"; };
		D8A47C1A1923B4FB00448690 /* Gather-Prefix.pch */ = {isa = PBXFileReference; lastKnownFileType = sourcecode.c.h; path = "Gather-Prefix.pch"; sourceTree = "<group>"; };
		D8A47C1B1923B4FB00448690 /* AppDelegate.h */ = {isa = PBXFileReference; lastKnownFileType = sourcecode.c.h; path = AppDelegate.h; sourceTree = "<group>"; };
		D8A47C1C1923B4FB00448690 /* AppDelegate.m */ = {isa = PBXFileReference; lastKnownFileType = sourcecode.c.objc; path = AppDelegate.m; sourceTree = "<group>"; };
		D8A47C1F1923B4FB00448690 /* Base */ = {isa = PBXFileReference; lastKnownFileType = file.storyboard; name = Base; path = Base.lproj/Main.storyboard; sourceTree = "<group>"; };
		D8A47C241923B4FB00448690 /* Images.xcassets */ = {isa = PBXFileReference; lastKnownFileType = folder.assetcatalog; path = Images.xcassets; sourceTree = "<group>"; };
		D8A47C2A1923B4FB00448690 /* GatherTests.xctest */ = {isa = PBXFileReference; explicitFileType = wrapper.cfbundle; includeInIndex = 0; path = GatherTests.xctest; sourceTree = BUILT_PRODUCTS_DIR; };
		D8A47C2B1923B4FB00448690 /* XCTest.framework */ = {isa = PBXFileReference; lastKnownFileType = wrapper.framework; name = XCTest.framework; path = Library/Frameworks/XCTest.framework; sourceTree = DEVELOPER_DIR; };
		D8A47C331923B4FB00448690 /* GatherTests-Info.plist */ = {isa = PBXFileReference; lastKnownFileType = text.plist.xml; path = "GatherTests-Info.plist"; sourceTree = "<group>"; };
		D8A47C351923B4FB00448690 /* en */ = {isa = PBXFileReference; lastKnownFileType = text.plist.strings; name = en; path = en.lproj/InfoPlist.strings; sourceTree = "<group>"; };
		D8A47C371923B4FB00448690 /* GatherTests.m */ = {isa = PBXFileReference; lastKnownFileType = sourcecode.c.objc; path = GatherTests.m; sourceTree = "<group>"; };
		D8A47C441923B61600448690 /* GatherAPI.h */ = {isa = PBXFileReference; fileEncoding = 4; lastKnownFileType = sourcecode.c.h; path = GatherAPI.h; sourceTree = "<group>"; };
		D8A47C451923B61600448690 /* GatherAPI.m */ = {isa = PBXFileReference; fileEncoding = 4; lastKnownFileType = sourcecode.c.objc; path = GatherAPI.m; sourceTree = "<group>"; };
		D8A47C471923BA4C00448690 /* Topic.h */ = {isa = PBXFileReference; fileEncoding = 4; lastKnownFileType = sourcecode.c.h; path = Topic.h; sourceTree = "<group>"; };
		D8A47C481923BA4C00448690 /* Topic.m */ = {isa = PBXFileReference; fileEncoding = 4; lastKnownFileType = sourcecode.c.objc; path = Topic.m; sourceTree = "<group>"; };
		D8A47C4E1923BE4600448690 /* Reply.h */ = {isa = PBXFileReference; fileEncoding = 4; lastKnownFileType = sourcecode.c.h; path = Reply.h; sourceTree = "<group>"; };
		D8A47C4F1923BE4600448690 /* Reply.m */ = {isa = PBXFileReference; fileEncoding = 4; lastKnownFileType = sourcecode.c.objc; path = Reply.m; sourceTree = "<group>"; };
		D8A47C511923C73900448690 /* TopicCell.h */ = {isa = PBXFileReference; fileEncoding = 4; lastKnownFileType = sourcecode.c.h; path = TopicCell.h; sourceTree = "<group>"; };
		D8A47C521923C73900448690 /* TopicCell.m */ = {isa = PBXFileReference; fileEncoding = 4; lastKnownFileType = sourcecode.c.objc; path = TopicCell.m; sourceTree = "<group>"; };
		D8A47C541923C92900448690 /* TopicViewController.h */ = {isa = PBXFileReference; fileEncoding = 4; lastKnownFileType = sourcecode.c.h; path = TopicViewController.h; sourceTree = "<group>"; };
		D8A47C551923C92900448690 /* TopicViewController.m */ = {isa = PBXFileReference; fileEncoding = 4; lastKnownFileType = sourcecode.c.objc; path = TopicViewController.m; sourceTree = "<group>"; };
		D8A47C57192444AE00448690 /* User.h */ = {isa = PBXFileReference; fileEncoding = 4; lastKnownFileType = sourcecode.c.h; path = User.h; sourceTree = "<group>"; };
		D8A47C58192444AE00448690 /* User.m */ = {isa = PBXFileReference; fileEncoding = 4; lastKnownFileType = sourcecode.c.objc; path = User.m; sourceTree = "<group>"; };
		D8A9DA9C194C776600256973 /* FadeInImageView.h */ = {isa = PBXFileReference; fileEncoding = 4; lastKnownFileType = sourcecode.c.h; path = FadeInImageView.h; sourceTree = "<group>"; };
		D8A9DA9D194C776600256973 /* FadeInImageView.m */ = {isa = PBXFileReference; fileEncoding = 4; lastKnownFileType = sourcecode.c.objc; path = FadeInImageView.m; sourceTree = "<group>"; };
		D8B22898193B012A00755032 /* WebBrowserController.h */ = {isa = PBXFileReference; fileEncoding = 4; lastKnownFileType = sourcecode.c.h; path = WebBrowserController.h; sourceTree = "<group>"; };
		D8B22899193B012A00755032 /* WebBrowserController.m */ = {isa = PBXFileReference; fileEncoding = 4; lastKnownFileType = sourcecode.c.objc; path = WebBrowserController.m; sourceTree = "<group>"; };
		D8B228A2193B591E00755032 /* MAWebView.h */ = {isa = PBXFileReference; fileEncoding = 4; lastKnownFileType = sourcecode.c.h; path = MAWebView.h; sourceTree = "<group>"; };
		D8B228A3193B591E00755032 /* MAWebView.m */ = {isa = PBXFileReference; fileEncoding = 4; lastKnownFileType = sourcecode.c.objc; path = MAWebView.m; sourceTree = "<group>"; };
		D8B228A7193B691100755032 /* Start.storyboard */ = {isa = PBXFileReference; fileEncoding = 4; lastKnownFileType = file.storyboard; path = Start.storyboard; sourceTree = "<group>"; };
		D8DB7C321925174600096CBA /* style.css */ = {isa = PBXFileReference; fileEncoding = 4; lastKnownFileType = text.css; path = style.css; sourceTree = "<group>"; };
		D8DB7C34192518A800096CBA /* content.html */ = {isa = PBXFileReference; fileEncoding = 4; lastKnownFileType = text.html; path = content.html; sourceTree = "<group>"; };
		D8F7B66B193C400300A9B9BA /* BackgroundImage.h */ = {isa = PBXFileReference; fileEncoding = 4; lastKnownFileType = sourcecode.c.h; path = BackgroundImage.h; sourceTree = "<group>"; };
		D8F7B66C193C400300A9B9BA /* BackgroundImage.m */ = {isa = PBXFileReference; fileEncoding = 4; lastKnownFileType = sourcecode.c.objc; path = BackgroundImage.m; sourceTree = "<group>"; };
		D8F7B66E193C446C00A9B9BA /* StartViewController.h */ = {isa = PBXFileReference; fileEncoding = 4; lastKnownFileType = sourcecode.c.h; path = StartViewController.h; sourceTree = "<group>"; };
		D8F7B66F193C446C00A9B9BA /* StartViewController.m */ = {isa = PBXFileReference; fileEncoding = 4; lastKnownFileType = sourcecode.c.objc; path = StartViewController.m; sourceTree = "<group>"; };
/* End PBXFileReference section */

/* Begin PBXFrameworksBuildPhase section */
		D8A47C061923B4FB00448690 /* Frameworks */ = {
			isa = PBXFrameworksBuildPhase;
			buildActionMask = 2147483647;
			files = (
				D8A47C0F1923B4FB00448690 /* CoreGraphics.framework in Frameworks */,
				D8A47C111923B4FB00448690 /* UIKit.framework in Frameworks */,
				D8A47C0D1923B4FB00448690 /* Foundation.framework in Frameworks */,
				E4EB49B9B0E341B1B4E4F8FD /* libPods.a in Frameworks */,
			);
			runOnlyForDeploymentPostprocessing = 0;
		};
		D8A47C271923B4FB00448690 /* Frameworks */ = {
			isa = PBXFrameworksBuildPhase;
			buildActionMask = 2147483647;
			files = (
				D8A47C2C1923B4FB00448690 /* XCTest.framework in Frameworks */,
				D8A47C2E1923B4FB00448690 /* UIKit.framework in Frameworks */,
				D8A47C2D1923B4FB00448690 /* Foundation.framework in Frameworks */,
			);
			runOnlyForDeploymentPostprocessing = 0;
		};
/* End PBXFrameworksBuildPhase section */

/* Begin PBXGroup section */
		D80DAB9C192FBCAB00B2B57C /* Library */ = {
			isa = PBXGroup;
			children = (
				D8A47C441923B61600448690 /* GatherAPI.h */,
				D8A47C451923B61600448690 /* GatherAPI.m */,
				D80DAB92192F96D600B2B57C /* ContentTranslator.h */,
				D80DAB93192F96D600B2B57C /* ContentTranslator.m */,
				D80DAC671931FAF900B2B57C /* TimeOpreator.h */,
				D80DAC681931FAF900B2B57C /* TimeOpreator.m */,
				D8F7B66B193C400300A9B9BA /* BackgroundImage.h */,
				D8F7B66C193C400300A9B9BA /* BackgroundImage.m */,
			);
			name = Library;
			sourceTree = "<group>";
		};
		D80DAB9D192FBCB600B2B57C /* Web */ = {
			isa = PBXGroup;
			children = (
				D8DB7C321925174600096CBA /* style.css */,
				D8DB7C34192518A800096CBA /* content.html */,
				D80DAB9A192FB17A00B2B57C /* reply.html */,
				D80DAC6A1932054F00B2B57C /* topic.html */,
			);
			name = Web;
			sourceTree = "<group>";
		};
		D827E0F81955FC8E00DD1AD8 /* PostView */ = {
			isa = PBXGroup;
			children = (
				D87C1345195D28CE00113D25 /* EmoticonView */,
				D86E9654195472430044C28F /* PostView.storyboard */,
				D82B23CE1955F3CF00D2F2F0 /* PostManager.h */,
				D82B23CF1955F3CF00D2F2F0 /* PostManager.m */,
				D86E9656195474830044C28F /* PostViewController.h */,
				D86E9657195474830044C28F /* PostViewController.m */,
				D82B23CB1955E78400D2F2F0 /* NodeChosenViewController.h */,
				D82B23CC1955E78400D2F2F0 /* NodeChosenViewController.m */,
			);
			name = PostView;
			sourceTree = "<group>";
		};
		D827E0F91955FCAC00DD1AD8 /* StartView */ = {
			isa = PBXGroup;
			children = (
				D8B228A7193B691100755032 /* Start.storyboard */,
				D8F7B66E193C446C00A9B9BA /* StartViewController.h */,
				D8F7B66F193C446C00A9B9BA /* StartViewController.m */,
			);
			name = StartView;
			sourceTree = "<group>";
		};
		D865BE23195BA35B00E39B38 /* Emoticons */ = {
			isa = PBXGroup;
			children = (
				D865BE21195BA18500E39B38 /* Emoticons.plist */,
				D865BE24195BA35B00E39B38 /* ALi0003.gif */,
				D865BE25195BA35B00E39B38 /* ALi0011.gif */,
				D865BE26195BA35B00E39B38 /* ALi0012.gif */,
				D865BE27195BA35B00E39B38 /* ALi0019.gif */,
				D822FFA1195C2E5800C89CCF /* ALi0068.gif */,
				D822FFA2195C2E5800C89CCF /* ALi0122.gif */,
				D865BE28195BA35B00E39B38 /* ALi0021.gif */,
				D865BE29195BA35B00E39B38 /* ALi0024.gif */,
				D865BE2A195BA35B00E39B38 /* ALi0028.gif */,
				D865BE2B195BA35B00E39B38 /* ALi0030.gif */,
			);
			name = Emoticons;
			path = Emoticon;
			sourceTree = "<group>";
		};
		D87C1345195D28CE00113D25 /* EmoticonView */ = {
			isa = PBXGroup;
			children = (
				D865BE23195BA35B00E39B38 /* Emoticons */,
				D865BE34195BA3AF00E39B38 /* EmoticonManager.h */,
				D865BE35195BA3AF00E39B38 /* EmoticonManager.m */,
				D865BE37195BA49600E39B38 /* Emoticon.h */,
				D865BE38195BA49600E39B38 /* Emoticon.m */,
				D865BE3A195BAA6A00E39B38 /* EmoticonViewController.h */,
				D865BE3B195BAA6A00E39B38 /* EmoticonViewController.m */,
				D865BE3D195BAC9500E39B38 /* EmoticonCell.h */,
				D865BE3E195BAC9500E39B38 /* EmoticonCell.m */,
			);
			name = EmoticonView;
			sourceTree = "<group>";
		};
		D8A47C001923B4FB00448690 = {
			isa = PBXGroup;
			children = (
				D8A47C121923B4FB00448690 /* Gather */,
				D8A47C311923B4FB00448690 /* GatherTests */,
				D8A47C0B1923B4FB00448690 /* Frameworks */,
				D8A47C0A1923B4FB00448690 /* Products */,
				2AC2FEE7D32043CF8C00433E /* Pods.xcconfig */,
			);
			sourceTree = "<group>";
		};
		D8A47C0A1923B4FB00448690 /* Products */ = {
			isa = PBXGroup;
			children = (
				D8A47C091923B4FB00448690 /* Gather.app */,
				D8A47C2A1923B4FB00448690 /* GatherTests.xctest */,
			);
			name = Products;
			sourceTree = "<group>";
		};
		D8A47C0B1923B4FB00448690 /* Frameworks */ = {
			isa = PBXGroup;
			children = (
				D8A47C0C1923B4FB00448690 /* Foundation.framework */,
				D8A47C0E1923B4FB00448690 /* CoreGraphics.framework */,
				D8A47C101923B4FB00448690 /* UIKit.framework */,
				D8A47C2B1923B4FB00448690 /* XCTest.framework */,
				993D7F85A6C942C384DD6F39 /* libPods.a */,
			);
			name = Frameworks;
			sourceTree = "<group>";
		};
		D8A47C121923B4FB00448690 /* Gather */ = {
			isa = PBXGroup;
			children = (
				D80DAB9C192FBCAB00B2B57C /* Library */,
				D8DB7BFD1924948600096CBA /* Views */,
				D8A47C4A1923BE1300448690 /* Models */,
				D8DB7BFE1924949500096CBA /* Controllers */,
				D827E0F81955FC8E00DD1AD8 /* PostView */,
				D827E0F91955FCAC00DD1AD8 /* StartView */,
				D8A47C1E1923B4FB00448690 /* Main.storyboard */,
				D8A47C1B1923B4FB00448690 /* AppDelegate.h */,
				D8A47C1C1923B4FB00448690 /* AppDelegate.m */,
				D8A47C241923B4FB00448690 /* Images.xcassets */,
				D80DAB9D192FBCB600B2B57C /* Web */,
				D8A47C131923B4FB00448690 /* Supporting Files */,
			);
			path = Gather;
			sourceTree = "<group>";
		};
		D8A47C131923B4FB00448690 /* Supporting Files */ = {
			isa = PBXGroup;
			children = (
				D8A47C141923B4FB00448690 /* Gather-Info.plist */,
				D8A47C151923B4FB00448690 /* InfoPlist.strings */,
				D8A47C181923B4FB00448690 /* main.m */,
				D8A47C1A1923B4FB00448690 /* Gather-Prefix.pch */,
			);
			name = "Supporting Files";
			sourceTree = "<group>";
		};
		D8A47C311923B4FB00448690 /* GatherTests */ = {
			isa = PBXGroup;
			children = (
				D8A47C371923B4FB00448690 /* GatherTests.m */,
				D8A47C321923B4FB00448690 /* Supporting Files */,
			);
			path = GatherTests;
			sourceTree = "<group>";
		};
		D8A47C321923B4FB00448690 /* Supporting Files */ = {
			isa = PBXGroup;
			children = (
				D8A47C331923B4FB00448690 /* GatherTests-Info.plist */,
				D8A47C341923B4FB00448690 /* InfoPlist.strings */,
			);
			name = "Supporting Files";
			sourceTree = "<group>";
		};
		D8A47C4A1923BE1300448690 /* Models */ = {
			isa = PBXGroup;
			children = (
				D8A47C471923BA4C00448690 /* Topic.h */,
				D8A47C481923BA4C00448690 /* Topic.m */,
				D8A47C4E1923BE4600448690 /* Reply.h */,
				D8A47C4F1923BE4600448690 /* Reply.m */,
				D8A47C57192444AE00448690 /* User.h */,
				D8A47C58192444AE00448690 /* User.m */,
				D833CE58194EBB050087C852 /* Node.h */,
				D833CE59194EBB050087C852 /* Node.m */,
			);
			name = Models;
			sourceTree = "<group>";
		};
		D8DB7BFD1924948600096CBA /* Views */ = {
			isa = PBXGroup;
			children = (
				D8A9DA9C194C776600256973 /* FadeInImageView.h */,
				D8A9DA9D194C776600256973 /* FadeInImageView.m */,
				D8A47C511923C73900448690 /* TopicCell.h */,
				D8A47C521923C73900448690 /* TopicCell.m */,
				D86CA66B19341E1D00E6D79E /* TriangleView.h */,
				D86CA66C19341E1D00E6D79E /* TriangleView.m */,
				D8B228A2193B591E00755032 /* MAWebView.h */,
				D8B228A3193B591E00755032 /* MAWebView.m */,
			);
			name = Views;
			sourceTree = "<group>";
		};
		D8DB7BFE1924949500096CBA /* Controllers */ = {
			isa = PBXGroup;
			children = (
				D8A47C541923C92900448690 /* TopicViewController.h */,
				D8A47C551923C92900448690 /* TopicViewController.m */,
				D80DAB95192F9D2700B2B57C /* RepliesViewController.h */,
				D80DAB96192F9D2700B2B57C /* RepliesViewController.m */,
				D8B22898193B012A00755032 /* WebBrowserController.h */,
				D8B22899193B012A00755032 /* WebBrowserController.m */,
			);
			name = Controllers;
			sourceTree = "<group>";
		};
/* End PBXGroup section */

/* Begin PBXNativeTarget section */
		D8A47C081923B4FB00448690 /* Gather */ = {
			isa = PBXNativeTarget;
			buildConfigurationList = D8A47C3B1923B4FB00448690 /* Build configuration list for PBXNativeTarget "Gather" */;
			buildPhases = (
				E11560787A73452AB840D0F5 /* Check Pods Manifest.lock */,
				D8A47C051923B4FB00448690 /* Sources */,
				D8A47C061923B4FB00448690 /* Frameworks */,
				D8A47C071923B4FB00448690 /* Resources */,
				53096D7146DB4DA89695F3BA /* Copy Pods Resources */,
			);
			buildRules = (
			);
			dependencies = (
			);
			name = Gather;
			productName = Gather;
			productReference = D8A47C091923B4FB00448690 /* Gather.app */;
			productType = "com.apple.product-type.application";
		};
		D8A47C291923B4FB00448690 /* GatherTests */ = {
			isa = PBXNativeTarget;
			buildConfigurationList = D8A47C3E1923B4FB00448690 /* Build configuration list for PBXNativeTarget "GatherTests" */;
			buildPhases = (
				D8A47C261923B4FB00448690 /* Sources */,
				D8A47C271923B4FB00448690 /* Frameworks */,
				D8A47C281923B4FB00448690 /* Resources */,
			);
			buildRules = (
			);
			dependencies = (
				D8A47C301923B4FB00448690 /* PBXTargetDependency */,
			);
			name = GatherTests;
			productName = GatherTests;
			productReference = D8A47C2A1923B4FB00448690 /* GatherTests.xctest */;
			productType = "com.apple.product-type.bundle.unit-test";
		};
/* End PBXNativeTarget section */

/* Begin PBXProject section */
		D8A47C011923B4FB00448690 /* Project object */ = {
			isa = PBXProject;
			attributes = {
				LastUpgradeCheck = 0510;
				ORGANIZATIONNAME = Madimo;
				TargetAttributes = {
					D8A47C291923B4FB00448690 = {
						TestTargetID = D8A47C081923B4FB00448690;
					};
				};
			};
			buildConfigurationList = D8A47C041923B4FB00448690 /* Build configuration list for PBXProject "Gather" */;
			compatibilityVersion = "Xcode 3.2";
			developmentRegion = English;
			hasScannedForEncodings = 0;
			knownRegions = (
				en,
				Base,
			);
			mainGroup = D8A47C001923B4FB00448690;
			productRefGroup = D8A47C0A1923B4FB00448690 /* Products */;
			projectDirPath = "";
			projectRoot = "";
			targets = (
				D8A47C081923B4FB00448690 /* Gather */,
				D8A47C291923B4FB00448690 /* GatherTests */,
			);
		};
/* End PBXProject section */

/* Begin PBXResourcesBuildPhase section */
		D8A47C071923B4FB00448690 /* Resources */ = {
			isa = PBXResourcesBuildPhase;
			buildActionMask = 2147483647;
			files = (
				D8A47C251923B4FB00448690 /* Images.xcassets in Resources */,
				D822FFA3195C2E5800C89CCF /* ALi0068.gif in Resources */,
				D80DAC6B1932054F00B2B57C /* topic.html in Resources */,
				D865BE33195BA35B00E39B38 /* ALi0030.gif in Resources */,
				D86E9655195472430044C28F /* PostView.storyboard in Resources */,
				D80DAB9B192FB17A00B2B57C /* reply.html in Resources */,
				D8DB7C331925174600096CBA /* style.css in Resources */,
				D8A47C171923B4FB00448690 /* InfoPlist.strings in Resources */,
				D865BE22195BA18500E39B38 /* Emoticons.plist in Resources */,
				D865BE2F195BA35B00E39B38 /* ALi0019.gif in Resources */,
				D865BE2C195BA35B00E39B38 /* ALi0003.gif in Resources */,
				D8B228A8193B691100755032 /* Start.storyboard in Resources */,
				D8A47C201923B4FB00448690 /* Main.storyboard in Resources */,
				D865BE31195BA35B00E39B38 /* ALi0024.gif in Resources */,
				D822FFA4195C2E5800C89CCF /* ALi0122.gif in Resources */,
				D8DB7C35192518A800096CBA /* content.html in Resources */,
				D865BE2E195BA35B00E39B38 /* ALi0012.gif in Resources */,
				D865BE2D195BA35B00E39B38 /* ALi0011.gif in Resources */,
				D865BE32195BA35B00E39B38 /* ALi0028.gif in Resources */,
				D865BE30195BA35B00E39B38 /* ALi0021.gif in Resources */,
			);
			runOnlyForDeploymentPostprocessing = 0;
		};
		D8A47C281923B4FB00448690 /* Resources */ = {
			isa = PBXResourcesBuildPhase;
			buildActionMask = 2147483647;
			files = (
				D8A47C361923B4FB00448690 /* InfoPlist.strings in Resources */,
			);
			runOnlyForDeploymentPostprocessing = 0;
		};
/* End PBXResourcesBuildPhase section */

/* Begin PBXShellScriptBuildPhase section */
		53096D7146DB4DA89695F3BA /* Copy Pods Resources */ = {
			isa = PBXShellScriptBuildPhase;
			buildActionMask = 2147483647;
			files = (
			);
			inputPaths = (
			);
			name = "Copy Pods Resources";
			outputPaths = (
			);
			runOnlyForDeploymentPostprocessing = 0;
			shellPath = /bin/sh;
			shellScript = "\"${SRCROOT}/Pods/Pods-resources.sh\"\n";
			showEnvVarsInLog = 0;
		};
		E11560787A73452AB840D0F5 /* Check Pods Manifest.lock */ = {
			isa = PBXShellScriptBuildPhase;
			buildActionMask = 2147483647;
			files = (
			);
			inputPaths = (
			);
			name = "Check Pods Manifest.lock";
			outputPaths = (
			);
			runOnlyForDeploymentPostprocessing = 0;
			shellPath = /bin/sh;
			shellScript = "diff \"${PODS_ROOT}/../Podfile.lock\" \"${PODS_ROOT}/Manifest.lock\" > /dev/null\nif [[ $? != 0 ]] ; then\n    cat << EOM\nerror: The sandbox is not in sync with the Podfile.lock. Run 'pod install' or update your CocoaPods installation.\nEOM\n    exit 1\nfi\n";
			showEnvVarsInLog = 0;
		};
/* End PBXShellScriptBuildPhase section */

/* Begin PBXSourcesBuildPhase section */
		D8A47C051923B4FB00448690 /* Sources */ = {
			isa = PBXSourcesBuildPhase;
			buildActionMask = 2147483647;
			files = (
				D865BE39195BA49600E39B38 /* Emoticon.m in Sources */,
				D86E9658195474830044C28F /* PostViewController.m in Sources */,
				D8A47C59192444AE00448690 /* User.m in Sources */,
				D8A47C501923BE4600448690 /* Reply.m in Sources */,
				D865BE36195BA3AF00E39B38 /* EmoticonManager.m in Sources */,
				D86CA66D19341E1D00E6D79E /* TriangleView.m in Sources */,
				D8A9DA9E194C776600256973 /* FadeInImageView.m in Sources */,
				D82B23D01955F3CF00D2F2F0 /* PostManager.m in Sources */,
				D865BE3C195BAA6A00E39B38 /* EmoticonViewController.m in Sources */,
				D8A47C1D1923B4FB00448690 /* AppDelegate.m in Sources */,
				D80DAB97192F9D2700B2B57C /* RepliesViewController.m in Sources */,
				D865BE3F195BAC9500E39B38 /* EmoticonCell.m in Sources */,
				D8A47C491923BA4C00448690 /* Topic.m in Sources */,
				D8A47C561923C92900448690 /* TopicViewController.m in Sources */,
				D833CE5A194EBB050087C852 /* Node.m in Sources */,
				D80DAB94192F96D600B2B57C /* ContentTranslator.m in Sources */,
				D8F7B66D193C400300A9B9BA /* BackgroundImage.m in Sources */,
				D8B2289A193B012A00755032 /* WebBrowserController.m in Sources */,
				D80DAC691931FAF900B2B57C /* TimeOpreator.m in Sources */,
				D8A47C191923B4FB00448690 /* main.m in Sources */,
				D8A47C461923B61600448690 /* GatherAPI.m in Sources */,
				D8F7B670193C446C00A9B9BA /* StartViewController.m in Sources */,
				D8A47C531923C73900448690 /* TopicCell.m in Sources */,
				D82B23CD1955E78400D2F2F0 /* NodeChosenViewController.m in Sources */,
				D8B228A4193B591E00755032 /* MAWebView.m in Sources */,
			);
			runOnlyForDeploymentPostprocessing = 0;
		};
		D8A47C261923B4FB00448690 /* Sources */ = {
			isa = PBXSourcesBuildPhase;
			buildActionMask = 2147483647;
			files = (
				D8A47C381923B4FB00448690 /* GatherTests.m in Sources */,
			);
			runOnlyForDeploymentPostprocessing = 0;
		};
/* End PBXSourcesBuildPhase section */

/* Begin PBXTargetDependency section */
		D8A47C301923B4FB00448690 /* PBXTargetDependency */ = {
			isa = PBXTargetDependency;
			target = D8A47C081923B4FB00448690 /* Gather */;
			targetProxy = D8A47C2F1923B4FB00448690 /* PBXContainerItemProxy */;
		};
/* End PBXTargetDependency section */

/* Begin PBXVariantGroup section */
		D8A47C151923B4FB00448690 /* InfoPlist.strings */ = {
			isa = PBXVariantGroup;
			children = (
				D8A47C161923B4FB00448690 /* en */,
			);
			name = InfoPlist.strings;
			sourceTree = "<group>";
		};
		D8A47C1E1923B4FB00448690 /* Main.storyboard */ = {
			isa = PBXVariantGroup;
			children = (
				D8A47C1F1923B4FB00448690 /* Base */,
			);
			name = Main.storyboard;
			sourceTree = "<group>";
		};
		D8A47C341923B4FB00448690 /* InfoPlist.strings */ = {
			isa = PBXVariantGroup;
			children = (
				D8A47C351923B4FB00448690 /* en */,
			);
			name = InfoPlist.strings;
			sourceTree = "<group>";
		};
/* End PBXVariantGroup section */

/* Begin XCBuildConfiguration section */
		D8A47C391923B4FB00448690 /* Debug */ = {
			isa = XCBuildConfiguration;
			buildSettings = {
				ALWAYS_SEARCH_USER_PATHS = NO;
				CLANG_CXX_LANGUAGE_STANDARD = "gnu++0x";
				CLANG_CXX_LIBRARY = "libc++";
				CLANG_ENABLE_MODULES = YES;
				CLANG_ENABLE_OBJC_ARC = YES;
				CLANG_WARN_BOOL_CONVERSION = YES;
				CLANG_WARN_CONSTANT_CONVERSION = YES;
				CLANG_WARN_DIRECT_OBJC_ISA_USAGE = YES_ERROR;
				CLANG_WARN_EMPTY_BODY = YES;
				CLANG_WARN_ENUM_CONVERSION = YES;
				CLANG_WARN_INT_CONVERSION = YES;
				CLANG_WARN_OBJC_ROOT_CLASS = YES_ERROR;
				CLANG_WARN__DUPLICATE_METHOD_MATCH = YES;
				"CODE_SIGN_IDENTITY[sdk=iphoneos*]" = "iPhone Developer";
				COPY_PHASE_STRIP = NO;
				GCC_C_LANGUAGE_STANDARD = gnu99;
				GCC_DYNAMIC_NO_PIC = NO;
				GCC_OPTIMIZATION_LEVEL = 0;
				GCC_PREPROCESSOR_DEFINITIONS = (
					"DEBUG=1",
					"$(inherited)",
				);
				GCC_SYMBOLS_PRIVATE_EXTERN = NO;
				GCC_WARN_64_TO_32_BIT_CONVERSION = YES;
				GCC_WARN_ABOUT_RETURN_TYPE = YES_ERROR;
				GCC_WARN_UNDECLARED_SELECTOR = YES;
				GCC_WARN_UNINITIALIZED_AUTOS = YES_AGGRESSIVE;
				GCC_WARN_UNUSED_FUNCTION = YES;
				GCC_WARN_UNUSED_VARIABLE = YES;
				IPHONEOS_DEPLOYMENT_TARGET = 7.0;
				ONLY_ACTIVE_ARCH = YES;
				SDKROOT = iphoneos;
			};
			name = Debug;
		};
		D8A47C3A1923B4FB00448690 /* Release */ = {
			isa = XCBuildConfiguration;
			buildSettings = {
				ALWAYS_SEARCH_USER_PATHS = NO;
				CLANG_CXX_LANGUAGE_STANDARD = "gnu++0x";
				CLANG_CXX_LIBRARY = "libc++";
				CLANG_ENABLE_MODULES = YES;
				CLANG_ENABLE_OBJC_ARC = YES;
				CLANG_WARN_BOOL_CONVERSION = YES;
				CLANG_WARN_CONSTANT_CONVERSION = YES;
				CLANG_WARN_DIRECT_OBJC_ISA_USAGE = YES_ERROR;
				CLANG_WARN_EMPTY_BODY = YES;
				CLANG_WARN_ENUM_CONVERSION = YES;
				CLANG_WARN_INT_CONVERSION = YES;
				CLANG_WARN_OBJC_ROOT_CLASS = YES_ERROR;
				CLANG_WARN__DUPLICATE_METHOD_MATCH = YES;
				"CODE_SIGN_IDENTITY[sdk=iphoneos*]" = "iPhone Developer";
				COPY_PHASE_STRIP = YES;
				ENABLE_NS_ASSERTIONS = NO;
				GCC_C_LANGUAGE_STANDARD = gnu99;
				GCC_WARN_64_TO_32_BIT_CONVERSION = YES;
				GCC_WARN_ABOUT_RETURN_TYPE = YES_ERROR;
				GCC_WARN_UNDECLARED_SELECTOR = YES;
				GCC_WARN_UNINITIALIZED_AUTOS = YES_AGGRESSIVE;
				GCC_WARN_UNUSED_FUNCTION = YES;
				GCC_WARN_UNUSED_VARIABLE = YES;
				IPHONEOS_DEPLOYMENT_TARGET = 7.0;
				SDKROOT = iphoneos;
				VALIDATE_PRODUCT = YES;
			};
			name = Release;
		};
		D8A47C3C1923B4FB00448690 /* Debug */ = {
			isa = XCBuildConfiguration;
			baseConfigurationReference = 2AC2FEE7D32043CF8C00433E /* Pods.xcconfig */;
			buildSettings = {
				ASSETCATALOG_COMPILER_APPICON_NAME = AppIcon;
				ASSETCATALOG_COMPILER_LAUNCHIMAGE_NAME = LaunchImage;
				CODE_SIGN_IDENTITY = "iPhone Developer";
				"CODE_SIGN_IDENTITY[sdk=iphoneos*]" = "iPhone Developer";
				GCC_PRECOMPILE_PREFIX_HEADER = YES;
				GCC_PREFIX_HEADER = "Gather/Gather-Prefix.pch";
				INFOPLIST_FILE = "Gather/Gather-Info.plist";
				IPHONEOS_DEPLOYMENT_TARGET = 7.0;
				PRODUCT_NAME = "$(TARGET_NAME)";
				PROVISIONING_PROFILE = "";
				WRAPPER_EXTENSION = app;
			};
			name = Debug;
		};
		D8A47C3D1923B4FB00448690 /* Release */ = {
			isa = XCBuildConfiguration;
			baseConfigurationReference = 2AC2FEE7D32043CF8C00433E /* Pods.xcconfig */;
			buildSettings = {
				ASSETCATALOG_COMPILER_APPICON_NAME = AppIcon;
				ASSETCATALOG_COMPILER_LAUNCHIMAGE_NAME = LaunchImage;
				CODE_SIGN_IDENTITY = "iPhone Developer";
				"CODE_SIGN_IDENTITY[sdk=iphoneos*]" = "iPhone Developer";
				GCC_PRECOMPILE_PREFIX_HEADER = YES;
				GCC_PREFIX_HEADER = "Gather/Gather-Prefix.pch";
				INFOPLIST_FILE = "Gather/Gather-Info.plist";
				IPHONEOS_DEPLOYMENT_TARGET = 7.0;
				PRODUCT_NAME = "$(TARGET_NAME)";
				PROVISIONING_PROFILE = "";
				WRAPPER_EXTENSION = app;
			};
			name = Release;
		};
		D8A47C3F1923B4FB00448690 /* Debug */ = {
			isa = XCBuildConfiguration;
			buildSettings = {
				BUNDLE_LOADER = "$(BUILT_PRODUCTS_DIR)/Gather.app/Gather";
				FRAMEWORK_SEARCH_PATHS = (
					"$(SDKROOT)/Developer/Library/Frameworks",
					"$(inherited)",
					"$(DEVELOPER_FRAMEWORKS_DIR)",
				);
				GCC_PRECOMPILE_PREFIX_HEADER = YES;
				GCC_PREFIX_HEADER = "Gather/Gather-Prefix.pch";
				GCC_PREPROCESSOR_DEFINITIONS = (
					"DEBUG=1",
					"$(inherited)",
				);
				INFOPLIST_FILE = "GatherTests/GatherTests-Info.plist";
				PRODUCT_NAME = "$(TARGET_NAME)";
				TEST_HOST = "$(BUNDLE_LOADER)";
				WRAPPER_EXTENSION = xctest;
			};
			name = Debug;
		};
		D8A47C401923B4FB00448690 /* Release */ = {
			isa = XCBuildConfiguration;
			buildSettings = {
				BUNDLE_LOADER = "$(BUILT_PRODUCTS_DIR)/Gather.app/Gather";
				FRAMEWORK_SEARCH_PATHS = (
					"$(SDKROOT)/Developer/Library/Frameworks",
					"$(inherited)",
					"$(DEVELOPER_FRAMEWORKS_DIR)",
				);
				GCC_PRECOMPILE_PREFIX_HEADER = YES;
				GCC_PREFIX_HEADER = "Gather/Gather-Prefix.pch";
				INFOPLIST_FILE = "GatherTests/GatherTests-Info.plist";
				PRODUCT_NAME = "$(TARGET_NAME)";
				TEST_HOST = "$(BUNDLE_LOADER)";
				WRAPPER_EXTENSION = xctest;
			};
			name = Release;
		};
/* End XCBuildConfiguration section */

/* Begin XCConfigurationList section */
		D8A47C041923B4FB00448690 /* Build configuration list for PBXProject "Gather" */ = {
			isa = XCConfigurationList;
			buildConfigurations = (
				D8A47C391923B4FB00448690 /* Debug */,
				D8A47C3A1923B4FB00448690 /* Release */,
			);
			defaultConfigurationIsVisible = 0;
			defaultConfigurationName = Release;
		};
		D8A47C3B1923B4FB00448690 /* Build configuration list for PBXNativeTarget "Gather" */ = {
			isa = XCConfigurationList;
			buildConfigurations = (
				D8A47C3C1923B4FB00448690 /* Debug */,
				D8A47C3D1923B4FB00448690 /* Release */,
			);
			defaultConfigurationIsVisible = 0;
			defaultConfigurationName = Release;
		};
		D8A47C3E1923B4FB00448690 /* Build configuration list for PBXNativeTarget "GatherTests" */ = {
			isa = XCConfigurationList;
			buildConfigurations = (
				D8A47C3F1923B4FB00448690 /* Debug */,
				D8A47C401923B4FB00448690 /* Release */,
			);
			defaultConfigurationIsVisible = 0;
			defaultConfigurationName = Release;
		};
/* End XCConfigurationList section */
	};
	rootObject = D8A47C011923B4FB00448690 /* Project object */;
}
